// !$*UTF8*$!
{
	archiveVersion = 1;
	classes = {
	};
	objectVersion = 50;
	objects = {

/* Begin PBXBuildFile section */
		6F19A2A7267547B40086D4D6 /* DownloadTaskModel.swift in Sources */ = {isa = PBXBuildFile; fileRef = 6F19A2A6267547B40086D4D6 /* DownloadTaskModel.swift */; };
		6FC7A10D26724CE10070B2C2 /* AppDelegate.swift in Sources */ = {isa = PBXBuildFile; fileRef = 6FC7A10C26724CE10070B2C2 /* AppDelegate.swift */; };
		6FC7A11226724CE10070B2C2 /* Main.storyboard in Resources */ = {isa = PBXBuildFile; fileRef = 6FC7A11026724CE10070B2C2 /* Main.storyboard */; };
		6FC7A11426724CE30070B2C2 /* Assets.xcassets in Resources */ = {isa = PBXBuildFile; fileRef = 6FC7A11326724CE30070B2C2 /* Assets.xcassets */; };
		6FC7A11726724CE30070B2C2 /* LaunchScreen.storyboard in Resources */ = {isa = PBXBuildFile; fileRef = 6FC7A11526724CE30070B2C2 /* LaunchScreen.storyboard */; };
		6FC7A12226724CE30070B2C2 /* AfinitiTaskTests.swift in Sources */ = {isa = PBXBuildFile; fileRef = 6FC7A12126724CE30070B2C2 /* AfinitiTaskTests.swift */; };
		6FC7A12D26724CE30070B2C2 /* AfinitiTaskUITests.swift in Sources */ = {isa = PBXBuildFile; fileRef = 6FC7A12C26724CE30070B2C2 /* AfinitiTaskUITests.swift */; };
		6FC7A13C267253ED0070B2C2 /* ViewController.swift in Sources */ = {isa = PBXBuildFile; fileRef = 6FC7A13B267253ED0070B2C2 /* ViewController.swift */; };
		6FC7A13F267254350070B2C2 /* ProgressTableCell.swift in Sources */ = {isa = PBXBuildFile; fileRef = 6FC7A13E267254350070B2C2 /* ProgressTableCell.swift */; };
/* End PBXBuildFile section */

/* Begin PBXContainerItemProxy section */
		6FC7A11E26724CE30070B2C2 /* PBXContainerItemProxy */ = {
			isa = PBXContainerItemProxy;
			containerPortal = 6FC7A10126724CE10070B2C2 /* Project object */;
			proxyType = 1;
			remoteGlobalIDString = 6FC7A10826724CE10070B2C2;
			remoteInfo = AfinitiTask;
		};
		6FC7A12926724CE30070B2C2 /* PBXContainerItemProxy */ = {
			isa = PBXContainerItemProxy;
			containerPortal = 6FC7A10126724CE10070B2C2 /* Project object */;
			proxyType = 1;
			remoteGlobalIDString = 6FC7A10826724CE10070B2C2;
			remoteInfo = AfinitiTask;
		};
/* End PBXContainerItemProxy section */

/* Begin PBXFileReference section */
		6F19A2A6267547B40086D4D6 /* DownloadTaskModel.swift */ = {isa = PBXFileReference; fileEncoding = 4; lastKnownFileType = sourcecode.swift; path = DownloadTaskModel.swift; sourceTree = "<group>"; };
		6FC7A10926724CE10070B2C2 /* AfinitiTask.app */ = {isa = PBXFileReference; explicitFileType = wrapper.application; includeInIndex = 0; path = AfinitiTask.app; sourceTree = BUILT_PRODUCTS_DIR; };
		6FC7A10C26724CE10070B2C2 /* AppDelegate.swift */ = {isa = PBXFileReference; lastKnownFileType = sourcecode.swift; path = AppDelegate.swift; sourceTree = "<group>"; };
		6FC7A11126724CE10070B2C2 /* Base */ = {isa = PBXFileReference; lastKnownFileType = file.storyboard; name = Base; path = Base.lproj/Main.storyboard; sourceTree = "<group>"; };
		6FC7A11326724CE30070B2C2 /* Assets.xcassets */ = {isa = PBXFileReference; lastKnownFileType = folder.assetcatalog; path = Assets.xcassets; sourceTree = "<group>"; };
		6FC7A11626724CE30070B2C2 /* Base */ = {isa = PBXFileReference; lastKnownFileType = file.storyboard; name = Base; path = Base.lproj/LaunchScreen.storyboard; sourceTree = "<group>"; };
		6FC7A11826724CE30070B2C2 /* Info.plist */ = {isa = PBXFileReference; lastKnownFileType = text.plist.xml; path = Info.plist; sourceTree = "<group>"; };
		6FC7A11D26724CE30070B2C2 /* AfinitiTaskTests.xctest */ = {isa = PBXFileReference; explicitFileType = wrapper.cfbundle; includeInIndex = 0; path = AfinitiTaskTests.xctest; sourceTree = BUILT_PRODUCTS_DIR; };
		6FC7A12126724CE30070B2C2 /* AfinitiTaskTests.swift */ = {isa = PBXFileReference; lastKnownFileType = sourcecode.swift; path = AfinitiTaskTests.swift; sourceTree = "<group>"; };
		6FC7A12326724CE30070B2C2 /* Info.plist */ = {isa = PBXFileReference; lastKnownFileType = text.plist.xml; path = Info.plist; sourceTree = "<group>"; };
		6FC7A12826724CE30070B2C2 /* AfinitiTaskUITests.xctest */ = {isa = PBXFileReference; explicitFileType = wrapper.cfbundle; includeInIndex = 0; path = AfinitiTaskUITests.xctest; sourceTree = BUILT_PRODUCTS_DIR; };
		6FC7A12C26724CE30070B2C2 /* AfinitiTaskUITests.swift */ = {isa = PBXFileReference; lastKnownFileType = sourcecode.swift; path = AfinitiTaskUITests.swift; sourceTree = "<group>"; };
		6FC7A12E26724CE30070B2C2 /* Info.plist */ = {isa = PBXFileReference; lastKnownFileType = text.plist.xml; path = Info.plist; sourceTree = "<group>"; };
		6FC7A13B267253ED0070B2C2 /* ViewController.swift */ = {isa = PBXFileReference; fileEncoding = 4; lastKnownFileType = sourcecode.swift; path = ViewController.swift; sourceTree = "<group>"; };
		6FC7A13E267254350070B2C2 /* ProgressTableCell.swift */ = {isa = PBXFileReference; lastKnownFileType = sourcecode.swift; path = ProgressTableCell.swift; sourceTree = "<group>"; };
/* End PBXFileReference section */

/* Begin PBXFrameworksBuildPhase section */
		6FC7A10626724CE10070B2C2 /* Frameworks */ = {
			isa = PBXFrameworksBuildPhase;
			buildActionMask = 2147483647;
			files = (
			);
			runOnlyForDeploymentPostprocessing = 0;
		};
		6FC7A11A26724CE30070B2C2 /* Frameworks */ = {
			isa = PBXFrameworksBuildPhase;
			buildActionMask = 2147483647;
			files = (
			);
			runOnlyForDeploymentPostprocessing = 0;
		};
		6FC7A12526724CE30070B2C2 /* Frameworks */ = {
			isa = PBXFrameworksBuildPhase;
			buildActionMask = 2147483647;
			files = (
			);
			runOnlyForDeploymentPostprocessing = 0;
		};
/* End PBXFrameworksBuildPhase section */

/* Begin PBXGroup section */
		6F19A2A5267547B40086D4D6 /* Model */ = {
			isa = PBXGroup;
			children = (
				6F19A2A6267547B40086D4D6 /* DownloadTaskModel.swift */,
			);
			path = Model;
			sourceTree = "<group>";
		};
		6FC7A10026724CE10070B2C2 = {
			isa = PBXGroup;
			children = (
				6FC7A10B26724CE10070B2C2 /* AfinitiTask */,
				6FC7A12026724CE30070B2C2 /* AfinitiTaskTests */,
				6FC7A12B26724CE30070B2C2 /* AfinitiTaskUITests */,
				6FC7A10A26724CE10070B2C2 /* Products */,
			);
			sourceTree = "<group>";
		};
		6FC7A10A26724CE10070B2C2 /* Products */ = {
			isa = PBXGroup;
			children = (
				6FC7A10926724CE10070B2C2 /* AfinitiTask.app */,
				6FC7A11D26724CE30070B2C2 /* AfinitiTaskTests.xctest */,
				6FC7A12826724CE30070B2C2 /* AfinitiTaskUITests.xctest */,
			);
			name = Products;
			sourceTree = "<group>";
		};
		6FC7A10B26724CE10070B2C2 /* AfinitiTask */ = {
			isa = PBXGroup;
			children = (
				6FC7A10C26724CE10070B2C2 /* AppDelegate.swift */,
				6F19A2A5267547B40086D4D6 /* Model */,
				6FC7A13D267253FB0070B2C2 /* Cells */,
				6FC7A13A267253ED0070B2C2 /* Controllers */,
				6FC7A11026724CE10070B2C2 /* Main.storyboard */,
				6FC7A11326724CE30070B2C2 /* Assets.xcassets */,
				6FC7A11526724CE30070B2C2 /* LaunchScreen.storyboard */,
				6FC7A11826724CE30070B2C2 /* Info.plist */,
			);
			path = AfinitiTask;
			sourceTree = "<group>";
		};
		6FC7A12026724CE30070B2C2 /* AfinitiTaskTests */ = {
			isa = PBXGroup;
			children = (
				6FC7A12126724CE30070B2C2 /* AfinitiTaskTests.swift */,
				6FC7A12326724CE30070B2C2 /* Info.plist */,
			);
			path = AfinitiTaskTests;
			sourceTree = "<group>";
		};
		6FC7A12B26724CE30070B2C2 /* AfinitiTaskUITests */ = {
			isa = PBXGroup;
			children = (
				6FC7A12C26724CE30070B2C2 /* AfinitiTaskUITests.swift */,
				6FC7A12E26724CE30070B2C2 /* Info.plist */,
			);
			path = AfinitiTaskUITests;
			sourceTree = "<group>";
		};
		6FC7A13A267253ED0070B2C2 /* Controllers */ = {
			isa = PBXGroup;
			children = (
				6FC7A13B267253ED0070B2C2 /* ViewController.swift */,
			);
			path = Controllers;
			sourceTree = "<group>";
		};
		6FC7A13D267253FB0070B2C2 /* Cells */ = {
			isa = PBXGroup;
			children = (
				6FC7A13E267254350070B2C2 /* ProgressTableCell.swift */,
			);
			path = Cells;
			sourceTree = "<group>";
		};
/* End PBXGroup section */

/* Begin PBXNativeTarget section */
		6FC7A10826724CE10070B2C2 /* AfinitiTask */ = {
			isa = PBXNativeTarget;
			buildConfigurationList = 6FC7A13126724CE30070B2C2 /* Build configuration list for PBXNativeTarget "AfinitiTask" */;
			buildPhases = (
				6FC7A10526724CE10070B2C2 /* Sources */,
				6FC7A10626724CE10070B2C2 /* Frameworks */,
				6FC7A10726724CE10070B2C2 /* Resources */,
			);
			buildRules = (
			);
			dependencies = (
			);
			name = AfinitiTask;
			productName = AfinitiTask;
			productReference = 6FC7A10926724CE10070B2C2 /* AfinitiTask.app */;
			productType = "com.apple.product-type.application";
		};
		6FC7A11C26724CE30070B2C2 /* AfinitiTaskTests */ = {
			isa = PBXNativeTarget;
			buildConfigurationList = 6FC7A13426724CE30070B2C2 /* Build configuration list for PBXNativeTarget "AfinitiTaskTests" */;
			buildPhases = (
				6FC7A11926724CE30070B2C2 /* Sources */,
				6FC7A11A26724CE30070B2C2 /* Frameworks */,
				6FC7A11B26724CE30070B2C2 /* Resources */,
			);
			buildRules = (
			);
			dependencies = (
				6FC7A11F26724CE30070B2C2 /* PBXTargetDependency */,
			);
			name = AfinitiTaskTests;
			productName = AfinitiTaskTests;
			productReference = 6FC7A11D26724CE30070B2C2 /* AfinitiTaskTests.xctest */;
			productType = "com.apple.product-type.bundle.unit-test";
		};
		6FC7A12726724CE30070B2C2 /* AfinitiTaskUITests */ = {
			isa = PBXNativeTarget;
			buildConfigurationList = 6FC7A13726724CE30070B2C2 /* Build configuration list for PBXNativeTarget "AfinitiTaskUITests" */;
			buildPhases = (
				6FC7A12426724CE30070B2C2 /* Sources */,
				6FC7A12526724CE30070B2C2 /* Frameworks */,
				6FC7A12626724CE30070B2C2 /* Resources */,
			);
			buildRules = (
			);
			dependencies = (
				6FC7A12A26724CE30070B2C2 /* PBXTargetDependency */,
			);
			name = AfinitiTaskUITests;
			productName = AfinitiTaskUITests;
			productReference = 6FC7A12826724CE30070B2C2 /* AfinitiTaskUITests.xctest */;
			productType = "com.apple.product-type.bundle.ui-testing";
		};
/* End PBXNativeTarget section */

/* Begin PBXProject section */
		6FC7A10126724CE10070B2C2 /* Project object */ = {
			isa = PBXProject;
			attributes = {
				LastSwiftUpdateCheck = 1030;
				LastUpgradeCheck = 1030;
				ORGANIZATIONNAME = "Muhammad Suleman";
				TargetAttributes = {
					6FC7A10826724CE10070B2C2 = {
						CreatedOnToolsVersion = 10.3;
					};
					6FC7A11C26724CE30070B2C2 = {
						CreatedOnToolsVersion = 10.3;
						TestTargetID = 6FC7A10826724CE10070B2C2;
					};
					6FC7A12726724CE30070B2C2 = {
						CreatedOnToolsVersion = 10.3;
						TestTargetID = 6FC7A10826724CE10070B2C2;
					};
				};
			};
			buildConfigurationList = 6FC7A10426724CE10070B2C2 /* Build configuration list for PBXProject "AfinitiTask" */;
			compatibilityVersion = "Xcode 9.3";
			developmentRegion = en;
			hasScannedForEncodings = 0;
			knownRegions = (
				en,
				Base,
			);
			mainGroup = 6FC7A10026724CE10070B2C2;
			productRefGroup = 6FC7A10A26724CE10070B2C2 /* Products */;
			projectDirPath = "";
			projectRoot = "";
			targets = (
				6FC7A10826724CE10070B2C2 /* AfinitiTask */,
				6FC7A11C26724CE30070B2C2 /* AfinitiTaskTests */,
				6FC7A12726724CE30070B2C2 /* AfinitiTaskUITests */,
			);
		};
/* End PBXProject section */

/* Begin PBXResourcesBuildPhase section */
		6FC7A10726724CE10070B2C2 /* Resources */ = {
			isa = PBXResourcesBuildPhase;
			buildActionMask = 2147483647;
			files = (
				6FC7A11726724CE30070B2C2 /* LaunchScreen.storyboard in Resources */,
				6FC7A11426724CE30070B2C2 /* Assets.xcassets in Resources */,
				6FC7A11226724CE10070B2C2 /* Main.storyboard in Resources */,
			);
			runOnlyForDeploymentPostprocessing = 0;
		};
		6FC7A11B26724CE30070B2C2 /* Resources */ = {
			isa = PBXResourcesBuildPhase;
			buildActionMask = 2147483647;
			files = (
			);
			runOnlyForDeploymentPostprocessing = 0;
		};
		6FC7A12626724CE30070B2C2 /* Resources */ = {
			isa = PBXResourcesBuildPhase;
			buildActionMask = 2147483647;
			files = (
			);
			runOnlyForDeploymentPostprocessing = 0;
		};
/* End PBXResourcesBuildPhase section */

/* Begin PBXSourcesBuildPhase section */
		6FC7A10526724CE10070B2C2 /* Sources */ = {
			isa = PBXSourcesBuildPhase;
			buildActionMask = 2147483647;
			files = (
				6FC7A13C267253ED0070B2C2 /* ViewController.swift in Sources */,
				6FC7A13F267254350070B2C2 /* ProgressTableCell.swift in Sources */,
				6F19A2A7267547B40086D4D6 /* DownloadTaskModel.swift in Sources */,
				6FC7A10D26724CE10070B2C2 /* AppDelegate.swift in Sources */,
			);
			runOnlyForDeploymentPostprocessing = 0;
		};
		6FC7A11926724CE30070B2C2 /* Sources */ = {
			isa = PBXSourcesBuildPhase;
			buildActionMask = 2147483647;
			files = (
				6FC7A12226724CE30070B2C2 /* AfinitiTaskTests.swift in Sources */,
			);
			runOnlyForDeploymentPostprocessing = 0;
		};
		6FC7A12426724CE30070B2C2 /* Sources */ = {
			isa = PBXSourcesBuildPhase;
			buildActionMask = 2147483647;
			files = (
				6FC7A12D26724CE30070B2C2 /* AfinitiTaskUITests.swift in Sources */,
			);
			runOnlyForDeploymentPostprocessing = 0;
		};
/* End PBXSourcesBuildPhase section */

/* Begin PBXTargetDependency section */
		6FC7A11F26724CE30070B2C2 /* PBXTargetDependency */ = {
			isa = PBXTargetDependency;
			target = 6FC7A10826724CE10070B2C2 /* AfinitiTask */;
			targetProxy = 6FC7A11E26724CE30070B2C2 /* PBXContainerItemProxy */;
		};
		6FC7A12A26724CE30070B2C2 /* PBXTargetDependency */ = {
			isa = PBXTargetDependency;
			target = 6FC7A10826724CE10070B2C2 /* AfinitiTask */;
			targetProxy = 6FC7A12926724CE30070B2C2 /* PBXContainerItemProxy */;
		};
/* End PBXTargetDependency section */

/* Begin PBXVariantGroup section */
		6FC7A11026724CE10070B2C2 /* Main.storyboard */ = {
			isa = PBXVariantGroup;
			children = (
				6FC7A11126724CE10070B2C2 /* Base */,
			);
			name = Main.storyboard;
			sourceTree = "<group>";
		};
		6FC7A11526724CE30070B2C2 /* LaunchScreen.storyboard */ = {
			isa = PBXVariantGroup;
			children = (
				6FC7A11626724CE30070B2C2 /* Base */,
			);
			name = LaunchScreen.storyboard;
			sourceTree = "<group>";
		};
/* End PBXVariantGroup section */

/* Begin XCBuildConfiguration section */
		6FC7A12F26724CE30070B2C2 /* Debug */ = {
			isa = XCBuildConfiguration;
			buildSettings = {
				ALWAYS_SEARCH_USER_PATHS = NO;
				CLANG_ANALYZER_NONNULL = YES;
				CLANG_ANALYZER_NUMBER_OBJECT_CONVERSION = YES_AGGRESSIVE;
				CLANG_CXX_LANGUAGE_STANDARD = "gnu++14";
				CLANG_CXX_LIBRARY = "libc++";
				CLANG_ENABLE_MODULES = YES;
				CLANG_ENABLE_OBJC_ARC = YES;
				CLANG_ENABLE_OBJC_WEAK = YES;
				CLANG_WARN_BLOCK_CAPTURE_AUTORELEASING = YES;
				CLANG_WARN_BOOL_CONVERSION = YES;
				CLANG_WARN_COMMA = YES;
				CLANG_WARN_CONSTANT_CONVERSION = YES;
				CLANG_WARN_DEPRECATED_OBJC_IMPLEMENTATIONS = YES;
				CLANG_WARN_DIRECT_OBJC_ISA_USAGE = YES_ERROR;
				CLANG_WARN_DOCUMENTATION_COMMENTS = YES;
				CLANG_WARN_EMPTY_BODY = YES;
				CLANG_WARN_ENUM_CONVERSION = YES;
				CLANG_WARN_INFINITE_RECURSION = YES;
				CLANG_WARN_INT_CONVERSION = YES;
				CLANG_WARN_NON_LITERAL_NULL_CONVERSION = YES;
				CLANG_WARN_OBJC_IMPLICIT_RETAIN_SELF = YES;
				CLANG_WARN_OBJC_LITERAL_CONVERSION = YES;
				CLANG_WARN_OBJC_ROOT_CLASS = YES_ERROR;
				CLANG_WARN_RANGE_LOOP_ANALYSIS = YES;
				CLANG_WARN_STRICT_PROTOTYPES = YES;
				CLANG_WARN_SUSPICIOUS_MOVE = YES;
				CLANG_WARN_UNGUARDED_AVAILABILITY = YES_AGGRESSIVE;
				CLANG_WARN_UNREACHABLE_CODE = YES;
				CLANG_WARN__DUPLICATE_METHOD_MATCH = YES;
				CODE_SIGN_IDENTITY = "iPhone Developer";
				COPY_PHASE_STRIP = NO;
				DEBUG_INFORMATION_FORMAT = dwarf;
				ENABLE_STRICT_OBJC_MSGSEND = YES;
				ENABLE_TESTABILITY = YES;
				GCC_C_LANGUAGE_STANDARD = gnu11;
				GCC_DYNAMIC_NO_PIC = NO;
				GCC_NO_COMMON_BLOCKS = YES;
				GCC_OPTIMIZATION_LEVEL = 0;
				GCC_PREPROCESSOR_DEFINITIONS = (
					"DEBUG=1",
					"$(inherited)",
				);
				GCC_WARN_64_TO_32_BIT_CONVERSION = YES;
				GCC_WARN_ABOUT_RETURN_TYPE = YES_ERROR;
				GCC_WARN_UNDECLARED_SELECTOR = YES;
				GCC_WARN_UNINITIALIZED_AUTOS = YES_AGGRESSIVE;
				GCC_WARN_UNUSED_FUNCTION = YES;
				GCC_WARN_UNUSED_VARIABLE = YES;
				IPHONEOS_DEPLOYMENT_TARGET = 12.4;
				MTL_ENABLE_DEBUG_INFO = INCLUDE_SOURCE;
				MTL_FAST_MATH = YES;
				ONLY_ACTIVE_ARCH = YES;
				SDKROOT = iphoneos;
				SWIFT_ACTIVE_COMPILATION_CONDITIONS = DEBUG;
				SWIFT_OPTIMIZATION_LEVEL = "-Onone";
			};
			name = Debug;
		};
		6FC7A13026724CE30070B2C2 /* Release */ = {
			isa = XCBuildConfiguration;
			buildSettings = {
				ALWAYS_SEARCH_USER_PATHS = NO;
				CLANG_ANALYZER_NONNULL = YES;
				CLANG_ANALYZER_NUMBER_OBJECT_CONVERSION = YES_AGGRESSIVE;
				CLANG_CXX_LANGUAGE_STANDARD = "gnu++14";
				CLANG_CXX_LIBRARY = "libc++";
				CLANG_ENABLE_MODULES = YES;
				CLANG_ENABLE_OBJC_ARC = YES;
				CLANG_ENABLE_OBJC_WEAK = YES;
				CLANG_WARN_BLOCK_CAPTURE_AUTORELEASING = YES;
				CLANG_WARN_BOOL_CONVERSION = YES;
				CLANG_WARN_COMMA = YES;
				CLANG_WARN_CONSTANT_CONVERSION = YES;
				CLANG_WARN_DEPRECATED_OBJC_IMPLEMENTATIONS = YES;
				CLANG_WARN_DIRECT_OBJC_ISA_USAGE = YES_ERROR;
				CLANG_WARN_DOCUMENTATION_COMMENTS = YES;
				CLANG_WARN_EMPTY_BODY = YES;
				CLANG_WARN_ENUM_CONVERSION = YES;
				CLANG_WARN_INFINITE_RECURSION = YES;
				CLANG_WARN_INT_CONVERSION = YES;
				CLANG_WARN_NON_LITERAL_NULL_CONVERSION = YES;
				CLANG_WARN_OBJC_IMPLICIT_RETAIN_SELF = YES;
				CLANG_WARN_OBJC_LITERAL_CONVERSION = YES;
				CLANG_WARN_OBJC_ROOT_CLASS = YES_ERROR;
				CLANG_WARN_RANGE_LOOP_ANALYSIS = YES;
				CLANG_WARN_STRICT_PROTOTYPES = YES;
				CLANG_WARN_SUSPICIOUS_MOVE = YES;
				CLANG_WARN_UNGUARDED_AVAILABILITY = YES_AGGRESSIVE;
				CLANG_WARN_UNREACHABLE_CODE = YES;
				CLANG_WARN__DUPLICATE_METHOD_MATCH = YES;
				CODE_SIGN_IDENTITY = "iPhone Developer";
				COPY_PHASE_STRIP = NO;
				DEBUG_INFORMATION_FORMAT = "dwarf-with-dsym";
				ENABLE_NS_ASSERTIONS = NO;
				ENABLE_STRICT_OBJC_MSGSEND = YES;
				GCC_C_LANGUAGE_STANDARD = gnu11;
				GCC_NO_COMMON_BLOCKS = YES;
				GCC_WARN_64_TO_32_BIT_CONVERSION = YES;
				GCC_WARN_ABOUT_RETURN_TYPE = YES_ERROR;
				GCC_WARN_UNDECLARED_SELECTOR = YES;
				GCC_WARN_UNINITIALIZED_AUTOS = YES_AGGRESSIVE;
				GCC_WARN_UNUSED_FUNCTION = YES;
				GCC_WARN_UNUSED_VARIABLE = YES;
				IPHONEOS_DEPLOYMENT_TARGET = 12.4;
				MTL_ENABLE_DEBUG_INFO = NO;
				MTL_FAST_MATH = YES;
				SDKROOT = iphoneos;
				SWIFT_COMPILATION_MODE = wholemodule;
				SWIFT_OPTIMIZATION_LEVEL = "-O";
				VALIDATE_PRODUCT = YES;
			};
			name = Release;
		};
		6FC7A13226724CE30070B2C2 /* Debug */ = {
			isa = XCBuildConfiguration;
			buildSettings = {
				ASSETCATALOG_COMPILER_APPICON_NAME = AppIcon;
				CODE_SIGN_STYLE = Automatic;
				INFOPLIST_FILE = AfinitiTask/Info.plist;
				LD_RUNPATH_SEARCH_PATHS = (
					"$(inherited)",
					"@executable_path/Frameworks",
				);
				PRODUCT_BUNDLE_IDENTIFIER = com.brightstar.AfinitiTask;
				PRODUCT_NAME = "$(TARGET_NAME)";
				SWIFT_VERSION = 5.0;
				TARGETED_DEVICE_FAMILY = "1,2";
			};
			name = Debug;
		};
		6FC7A13326724CE30070B2C2 /* Release */ = {
			isa = XCBuildConfiguration;
			buildSettings = {
				ASSETCATALOG_COMPILER_APPICON_NAME = AppIcon;
				CODE_SIGN_STYLE = Automatic;
				INFOPLIST_FILE = AfinitiTask/Info.plist;
				LD_RUNPATH_SEARCH_PATHS = (
					"$(inherited)",
					"@executable_path/Frameworks",
				);
				PRODUCT_BUNDLE_IDENTIFIER = com.brightstar.AfinitiTask;
				PRODUCT_NAME = "$(TARGET_NAME)";
				SWIFT_VERSION = 5.0;
				TARGETED_DEVICE_FAMILY = "1,2";
			};
			name = Release;
		};
		6FC7A13526724CE30070B2C2 /* Debug */ = {
			isa = XCBuildConfiguration;
			buildSettings = {
				ALWAYS_EMBED_SWIFT_STANDARD_LIBRARIES = YES;
				BUNDLE_LOADER = "$(TEST_HOST)";
				CODE_SIGN_STYLE = Automatic;
				INFOPLIST_FILE = AfinitiTaskTests/Info.plist;
				LD_RUNPATH_SEARCH_PATHS = (
					"$(inherited)",
					"@executable_path/Frameworks",
					"@loader_path/Frameworks",
				);
				PRODUCT_BUNDLE_IDENTIFIER = com.brightstar.AfinitiTaskTests;
				PRODUCT_NAME = "$(TARGET_NAME)";
				SWIFT_VERSION = 5.0;
				TARGETED_DEVICE_FAMILY = "1,2";
				TEST_HOST = "$(BUILT_PRODUCTS_DIR)/AfinitiTask.app/AfinitiTask";
			};
			name = Debug;
		};
		6FC7A13626724CE30070B2C2 /* Release */ = {
			isa = XCBuildConfiguration;
			buildSettings = {
				ALWAYS_EMBED_SWIFT_STANDARD_LIBRARIES = YES;
				BUNDLE_LOADER = "$(TEST_HOST)";
				CODE_SIGN_STYLE = Automatic;
				INFOPLIST_FILE = AfinitiTaskTests/Info.plist;
				LD_RUNPATH_SEARCH_PATHS = (
					"$(inherited)",
					"@executable_path/Frameworks",
					"@loader_path/Frameworks",
				);
				PRODUCT_BUNDLE_IDENTIFIER = com.brightstar.AfinitiTaskTests;
				PRODUCT_NAME = "$(TARGET_NAME)";
				SWIFT_VERSION = 5.0;
				TARGETED_DEVICE_FAMILY = "1,2";
				TEST_HOST = "$(BUILT_PRODUCTS_DIR)/AfinitiTask.app/AfinitiTask";
			};
			name = Release;
		};
		6FC7A13826724CE30070B2C2 /* Debug */ = {
			isa = XCBuildConfiguration;
			buildSettings = {
				ALWAYS_EMBED_SWIFT_STANDARD_LIBRARIES = YES;
				CODE_SIGN_STYLE = Automatic;
				INFOPLIST_FILE = AfinitiTaskUITests/Info.plist;
				LD_RUNPATH_SEARCH_PATHS = (
					"$(inherited)",
					"@executable_path/Frameworks",
					"@loader_path/Frameworks",
				);
				PRODUCT_BUNDLE_IDENTIFIER = com.brightstar.AfinitiTaskUITests;
				PRODUCT_NAME = "$(TARGET_NAME)";
				SWIFT_VERSION = 5.0;
				TARGETED_DEVICE_FAMILY = "1,2";
				TEST_TARGET_NAME = AfinitiTask;
			};
			name = Debug;
		};
		6FC7A13926724CE30070B2C2 /* Release */ = {
			isa = XCBuildConfiguration;
			buildSettings = {
				ALWAYS_EMBED_SWIFT_STANDARD_LIBRARIES = YES;
				CODE_SIGN_STYLE = Automatic;
				INFOPLIST_FILE = AfinitiTaskUITests/Info.plist;
				LD_RUNPATH_SEARCH_PATHS = (
					"$(inherited)",
					"@executable_path/Frameworks",
					"@loader_path/Frameworks",
				);
				PRODUCT_BUNDLE_IDENTIFIER = com.brightstar.AfinitiTaskUITests;
				PRODUCT_NAME = "$(TARGET_NAME)";
				SWIFT_VERSION = 5.0;
				TARGETED_DEVICE_FAMILY = "1,2";
				TEST_TARGET_NAME = AfinitiTask;
			};
			name = Release;
		};
/* End XCBuildConfiguration section */

/* Begin XCConfigurationList section */
		6FC7A10426724CE10070B2C2 /* Build configuration list for PBXProject "AfinitiTask" */ = {
			isa = XCConfigurationList;
			buildConfigurations = (
				6FC7A12F26724CE30070B2C2 /* Debug */,
				6FC7A13026724CE30070B2C2 /* Release */,
			);
			defaultConfigurationIsVisible = 0;
			defaultConfigurationName = Release;
		};
		6FC7A13126724CE30070B2C2 /* Build configuration list for PBXNativeTarget "AfinitiTask" */ = {
			isa = XCConfigurationList;
			buildConfigurations = (
				6FC7A13226724CE30070B2C2 /* Debug */,
				6FC7A13326724CE30070B2C2 /* Release */,
			);
			defaultConfigurationIsVisible = 0;
			defaultConfigurationName = Release;
		};
		6FC7A13426724CE30070B2C2 /* Build configuration list for PBXNativeTarget "AfinitiTaskTests" */ = {
			isa = XCConfigurationList;
			buildConfigurations = (
				6FC7A13526724CE30070B2C2 /* Debug */,
				6FC7A13626724CE30070B2C2 /* Release */,
			);
			defaultConfigurationIsVisible = 0;
			defaultConfigurationName = Release;
		};
		6FC7A13726724CE30070B2C2 /* Build configuration list for PBXNativeTarget "AfinitiTaskUITests" */ = {
			isa = XCConfigurationList;
			buildConfigurations = (
				6FC7A13826724CE30070B2C2 /* Debug */,
				6FC7A13926724CE30070B2C2 /* Release */,
			);
			defaultConfigurationIsVisible = 0;
			defaultConfigurationName = Release;
		};
/* End XCConfigurationList section */
	};
	rootObject = 6FC7A10126724CE10070B2C2 /* Project object */;
}
